
Microsoft Visual Studio Solution File, Format Version 12.00
# Visual Studio Version 17
VisualStudioVersion = 17.14.36511.14 d17.14
MinimumVisualStudioVersion = 10.0.40219.1
Project("{FAE04EC0-301F-11D3-BF4B-00C04F79EFBC}") = "INVENTORY_MANAGEMENT_SYSTEM", "INVENTORY_MANAGEMENT_SYSTEM\INVENTORY_MANAGEMENT_SYSTEM.csproj", "{C7158380-9E3F-4EC2-9AE1-B18ED02A7E9B}"
EndProject
Global
	GlobalSection(SolutionConfigurationPlatforms) = preSolution
		Debug|Any CPU = Debug|Any CPU
		Release|Any CPU = Release|Any CPU
	EndGlobalSection
	GlobalSection(ProjectConfigurationPlatforms) = postSolution
		{C7158380-9E3F-4EC2-9AE1-B18ED02A7E9B}.Debug|Any CPU.ActiveCfg = Debug|Any CPU
		{C7158380-9E3F-4EC2-9AE1-B18ED02A7E9B}.Debug|Any CPU.Build.0 = Debug|Any CPU
		{C7158380-9E3F-4EC2-9AE1-B18ED02A7E9B}.Release|Any CPU.ActiveCfg = Release|Any CPU
		{C7158380-9E3F-4EC2-9AE1-B18ED02A7E9B}.Release|Any CPU.Build.0 = Release|Any CPU
	EndGlobalSection
	GlobalSection(SolutionProperties) = preSolution
		HideSolutionNode = FALSE
	EndGlobalSection
	GlobalSection(ExtensibilityGlobals) = postSolution
		SolutionGuid = {CB583FCE-4F3A-453B-B289-F619A786030B}
	EndGlobalSection
EndGlobal
